
Microsoft Visual Studio Solution File, Format Version 12.00
# Visual Studio 15
VisualStudioVersion = 15.0.28307.572
MinimumVisualStudioVersion = 10.0.40219.1
Project("{FAE04EC0-301F-11D3-BF4B-00C04F79EFBC}") = "PictureAnalysis", "PictureAnalysis\PictureAnalysis.csproj", "{431F9CD4-51FC-4398-BB6E-41A66D4DD8CF}"
EndProject
Global
	GlobalSection(SolutionConfigurationPlatforms) = preSolution
		Debug|Any CPU = Debug|Any CPU
		Release|Any CPU = Release|Any CPU
	EndGlobalSection
	GlobalSection(ProjectConfigurationPlatforms) = postSolution
		{431F9CD4-51FC-4398-BB6E-41A66D4DD8CF}.Debug|Any CPU.ActiveCfg = Debug|Any CPU
		{431F9CD4-51FC-4398-BB6E-41A66D4DD8CF}.Debug|Any CPU.Build.0 = Debug|Any CPU
		{431F9CD4-51FC-4398-BB6E-41A66D4DD8CF}.Release|Any CPU.ActiveCfg = Release|Any CPU
		{431F9CD4-51FC-4398-BB6E-41A66D4DD8CF}.Release|Any CPU.Build.0 = Release|Any CPU
	EndGlobalSection
	GlobalSection(SolutionProperties) = preSolution
		HideSolutionNode = FALSE
	EndGlobalSection
	GlobalSection(ExtensibilityGlobals) = postSolution
		SolutionGuid = {E6DD8ED7-734A-43CB-A97D-156537CC0878}
	EndGlobalSection
EndGlobal
